
Microsoft Visual Studio Solution File, Format Version 12.00
# Visual Studio Version 16
VisualStudioVersion = 16.0.30907.101
MinimumVisualStudioVersion = 10.0.40219.1
Project("{9A19103F-16F7-4668-BE54-9A1E7A4F7556}") = "testedeapi.Api", "testedeapi.Api.csproj", "{AAFBB06A-A269-480C-8037-467B2A71BF01}"
EndProject
Project("{2150E333-8FDC-42A3-9474-1A3956D46DE8}") = "src", "src", "{D57EEE4B-2CB2-4075-94DB-80B798013877}"
EndProject
Project("{2150E333-8FDC-42A3-9474-1A3956D46DE8}") = "01 - business", "01 - business", "{7A73021A-86F9-4899-8C72-CD79D79175BF}"
EndProject
Project("{2150E333-8FDC-42A3-9474-1A3956D46DE8}") = "02 - DA", "02 - DA", "{62C42F09-2AAE-4D89-B208-F6D6BB5F0ADC}"
EndProject
Project("{2150E333-8FDC-42A3-9474-1A3956D46DE8}") = "03 - Mapper", "03 - Mapper", "{6CECB87C-575A-47CD-8E96-47D61D6ACB15}"
EndProject
Project("{2150E333-8FDC-42A3-9474-1A3956D46DE8}") = "04 - Validations", "04 - Validations", "{857C701B-9C10-4E73-962B-20347043B0D1}"
EndProject
Project("{2150E333-8FDC-42A3-9474-1A3956D46DE8}") = "05 - API", "05 - API", "{A210B5C8-5F15-446A-A01C-CBB3E6094F6F}"
EndProject
Project("{9A19103F-16F7-4668-BE54-9A1E7A4F7556}") = "testedeapi.Business", "..\testedeapi.Business\testedeapi.Business.csproj", "{4D3FF403-BDF1-4B95-8433-07E29DE16BC1}"
EndProject
Project("{9A19103F-16F7-4668-BE54-9A1E7A4F7556}") = "testedeapi.Business.Abstractions", "..\testedeapi.Business.Abstractions\testedeapi.Business.Abstractions.csproj", "{732B18F9-7C43-4E51-B9BE-FDF53F663D18}"
EndProject
Project("{9A19103F-16F7-4668-BE54-9A1E7A4F7556}") = "testedeapi.DA", "..\testedeapi.DA\testedeapi.DA.csproj", "{881583E8-596E-4178-B39C-50F54787E7B3}"
EndProject
Project("{9A19103F-16F7-4668-BE54-9A1E7A4F7556}") = "testedeapi.DA.Abstractions", "..\testedeapi.DA.Abstractions\testedeapi.DA.Abstractions.csproj", "{B76C97F5-4D90-430B-876D-8DCF91BFBE71}"
EndProject
Project("{9A19103F-16F7-4668-BE54-9A1E7A4F7556}") = "Scaffold", "..\Scaffold\Scaffold.csproj", "{7C882485-236C-4F29-989B-6E641F1F5AA8}"
EndProject
Project("{9A19103F-16F7-4668-BE54-9A1E7A4F7556}") = "testedeapi.Mapper", "..\testedeapi.Mapper\testedeapi.Mapper.csproj", "{124E489B-9797-4BB4-A537-B4BE90E36872}"
EndProject
Project("{9A19103F-16F7-4668-BE54-9A1E7A4F7556}") = "testedeapi.Api.Abstractions", "..\testedeapi.Api.Abstractions\testedeapi.Api.Abstractions.csproj", "{0A5F3C56-EDAC-468B-84BE-4FDFCC1FC5EC}"
EndProject
Project("{FAE04EC0-301F-11D3-BF4B-00C04F79EFBC}") = "testedeapi.Validations", "..\testedeapi.Validations\testedeapi.Validations.csproj", "{A7BB997D-E94D-4748-9E49-43BD2B4F673A}"
EndProject
Global
	GlobalSection(SolutionConfigurationPlatforms) = preSolution
		Debug|Any CPU = Debug|Any CPU
		Release|Any CPU = Release|Any CPU
	EndGlobalSection
	GlobalSection(ProjectConfigurationPlatforms) = postSolution
		{AAFBB06A-A269-480C-8037-467B2A71BF01}.Debug|Any CPU.ActiveCfg = Debug|Any CPU
		{AAFBB06A-A269-480C-8037-467B2A71BF01}.Debug|Any CPU.Build.0 = Debug|Any CPU
		{AAFBB06A-A269-480C-8037-467B2A71BF01}.Release|Any CPU.ActiveCfg = Release|Any CPU
		{AAFBB06A-A269-480C-8037-467B2A71BF01}.Release|Any CPU.Build.0 = Release|Any CPU
		{4D3FF403-BDF1-4B95-8433-07E29DE16BC1}.Debug|Any CPU.ActiveCfg = Debug|Any CPU
		{4D3FF403-BDF1-4B95-8433-07E29DE16BC1}.Debug|Any CPU.Build.0 = Debug|Any CPU
		{4D3FF403-BDF1-4B95-8433-07E29DE16BC1}.Release|Any CPU.ActiveCfg = Release|Any CPU
		{4D3FF403-BDF1-4B95-8433-07E29DE16BC1}.Release|Any CPU.Build.0 = Release|Any CPU
		{732B18F9-7C43-4E51-B9BE-FDF53F663D18}.Debug|Any CPU.ActiveCfg = Debug|Any CPU
		{732B18F9-7C43-4E51-B9BE-FDF53F663D18}.Debug|Any CPU.Build.0 = Debug|Any CPU
		{732B18F9-7C43-4E51-B9BE-FDF53F663D18}.Release|Any CPU.ActiveCfg = Release|Any CPU
		{732B18F9-7C43-4E51-B9BE-FDF53F663D18}.Release|Any CPU.Build.0 = Release|Any CPU
		{881583E8-596E-4178-B39C-50F54787E7B3}.Debug|Any CPU.ActiveCfg = Debug|Any CPU
		{881583E8-596E-4178-B39C-50F54787E7B3}.Debug|Any CPU.Build.0 = Debug|Any CPU
		{881583E8-596E-4178-B39C-50F54787E7B3}.Release|Any CPU.ActiveCfg = Release|Any CPU
		{881583E8-596E-4178-B39C-50F54787E7B3}.Release|Any CPU.Build.0 = Release|Any CPU
		{B76C97F5-4D90-430B-876D-8DCF91BFBE71}.Debug|Any CPU.ActiveCfg = Debug|Any CPU
		{B76C97F5-4D90-430B-876D-8DCF91BFBE71}.Debug|Any CPU.Build.0 = Debug|Any CPU
		{B76C97F5-4D90-430B-876D-8DCF91BFBE71}.Release|Any CPU.ActiveCfg = Release|Any CPU
		{B76C97F5-4D90-430B-876D-8DCF91BFBE71}.Release|Any CPU.Build.0 = Release|Any CPU
		{7C882485-236C-4F29-989B-6E641F1F5AA8}.Debug|Any CPU.ActiveCfg = Debug|Any CPU
		{7C882485-236C-4F29-989B-6E641F1F5AA8}.Debug|Any CPU.Build.0 = Debug|Any CPU
		{7C882485-236C-4F29-989B-6E641F1F5AA8}.Release|Any CPU.ActiveCfg = Release|Any CPU
		{7C882485-236C-4F29-989B-6E641F1F5AA8}.Release|Any CPU.Build.0 = Release|Any CPU
		{124E489B-9797-4BB4-A537-B4BE90E36872}.Debug|Any CPU.ActiveCfg = Debug|Any CPU
		{124E489B-9797-4BB4-A537-B4BE90E36872}.Debug|Any CPU.Build.0 = Debug|Any CPU
		{124E489B-9797-4BB4-A537-B4BE90E36872}.Release|Any CPU.ActiveCfg = Release|Any CPU
		{124E489B-9797-4BB4-A537-B4BE90E36872}.Release|Any CPU.Build.0 = Release|Any CPU
		{0A5F3C56-EDAC-468B-84BE-4FDFCC1FC5EC}.Debug|Any CPU.ActiveCfg = Debug|Any CPU
		{0A5F3C56-EDAC-468B-84BE-4FDFCC1FC5EC}.Debug|Any CPU.Build.0 = Debug|Any CPU
		{0A5F3C56-EDAC-468B-84BE-4FDFCC1FC5EC}.Release|Any CPU.ActiveCfg = Release|Any CPU
		{0A5F3C56-EDAC-468B-84BE-4FDFCC1FC5EC}.Release|Any CPU.Build.0 = Release|Any CPU
		{A7BB997D-E94D-4748-9E49-43BD2B4F673A}.Debug|Any CPU.ActiveCfg = Debug|Any CPU
		{A7BB997D-E94D-4748-9E49-43BD2B4F673A}.Debug|Any CPU.Build.0 = Debug|Any CPU
		{A7BB997D-E94D-4748-9E49-43BD2B4F673A}.Release|Any CPU.ActiveCfg = Release|Any CPU
		{A7BB997D-E94D-4748-9E49-43BD2B4F673A}.Release|Any CPU.Build.0 = Release|Any CPU
	EndGlobalSection
	GlobalSection(SolutionProperties) = preSolution
		HideSolutionNode = FALSE
	EndGlobalSection
	GlobalSection(NestedProjects) = preSolution
		{AAFBB06A-A269-480C-8037-467B2A71BF01} = {A210B5C8-5F15-446A-A01C-CBB3E6094F6F}
		{7A73021A-86F9-4899-8C72-CD79D79175BF} = {D57EEE4B-2CB2-4075-94DB-80B798013877}
		{62C42F09-2AAE-4D89-B208-F6D6BB5F0ADC} = {D57EEE4B-2CB2-4075-94DB-80B798013877}
		{6CECB87C-575A-47CD-8E96-47D61D6ACB15} = {D57EEE4B-2CB2-4075-94DB-80B798013877}
		{857C701B-9C10-4E73-962B-20347043B0D1} = {D57EEE4B-2CB2-4075-94DB-80B798013877}
		{A210B5C8-5F15-446A-A01C-CBB3E6094F6F} = {D57EEE4B-2CB2-4075-94DB-80B798013877}
		{4D3FF403-BDF1-4B95-8433-07E29DE16BC1} = {7A73021A-86F9-4899-8C72-CD79D79175BF}
		{732B18F9-7C43-4E51-B9BE-FDF53F663D18} = {7A73021A-86F9-4899-8C72-CD79D79175BF}
		{881583E8-596E-4178-B39C-50F54787E7B3} = {62C42F09-2AAE-4D89-B208-F6D6BB5F0ADC}
		{B76C97F5-4D90-430B-876D-8DCF91BFBE71} = {62C42F09-2AAE-4D89-B208-F6D6BB5F0ADC}
		{7C882485-236C-4F29-989B-6E641F1F5AA8} = {62C42F09-2AAE-4D89-B208-F6D6BB5F0ADC}
		{124E489B-9797-4BB4-A537-B4BE90E36872} = {6CECB87C-575A-47CD-8E96-47D61D6ACB15}
		{0A5F3C56-EDAC-468B-84BE-4FDFCC1FC5EC} = {A210B5C8-5F15-446A-A01C-CBB3E6094F6F}
		{A7BB997D-E94D-4748-9E49-43BD2B4F673A} = {857C701B-9C10-4E73-962B-20347043B0D1}
	EndGlobalSection
	GlobalSection(ExtensibilityGlobals) = postSolution
		SolutionGuid = {D4E78D2D-9D48-4787-83E7-E3AB5B0AD788}
	EndGlobalSection
EndGlobal
